// !$*UTF8*$!
{
	archiveVersion = 1;
	classes = {
	};
	objectVersion = 46;
	objects = {

/* Begin PBXBuildFile section */
		8BAFDBC31B0CA0DD00DAE166 /* AppDelegate.m in Sources */ = {isa = PBXBuildFile; fileRef = 8BAFDBC21B0CA0DD00DAE166 /* AppDelegate.m */; };
		8BAFDBC51B0CA0DD00DAE166 /* main.m in Sources */ = {isa = PBXBuildFile; fileRef = 8BAFDBC41B0CA0DD00DAE166 /* main.m */; };
		8BAFDBC71B0CA0DD00DAE166 /* Images.xcassets in Resources */ = {isa = PBXBuildFile; fileRef = 8BAFDBC61B0CA0DD00DAE166 /* Images.xcassets */; };
		8BAFDBCA1B0CA0DD00DAE166 /* MainMenu.xib in Resources */ = {isa = PBXBuildFile; fileRef = 8BAFDBC81B0CA0DD00DAE166 /* MainMenu.xib */; };
		8BAFDBD61B0CA0DD00DAE166 /* PROJECTTests.m in Sources */ = {isa = PBXBuildFile; fileRef = 8BAFDBD51B0CA0DD00DAE166 /* PROJECTTests.m */; };
/* End PBXBuildFile section */

/* Begin PBXContainerItemProxy section */
		8BAFDBD01B0CA0DD00DAE166 /* PBXContainerItemProxy */ = {
			isa = PBXContainerItemProxy;
			containerPortal = 8BAFDBB41B0CA0DD00DAE166 /* Project object */;
			proxyType = 1;
			remoteGlobalIDString = 8BAFDBBB1B0CA0DD00DAE166;
			remoteInfo = PROJECT;
		};
/* End PBXContainerItemProxy section */

/* Begin PBXFileReference section */
		8BAFDBBC1B0CA0DD00DAE166 /* PROJECT.app */ = {isa = PBXFileReference; explicitFileType = wrapper.application; includeInIndex = 0; path = PROJECT.app; sourceTree = BUILT_PRODUCTS_DIR; };
		8BAFDBC01B0CA0DD00DAE166 /* Info.plist */ = {isa = PBXFileReference; lastKnownFileType = text.plist.xml; path = Info.plist; sourceTree = "<group>"; };
		8BAFDBC11B0CA0DD00DAE166 /* AppDelegate.h */ = {isa = PBXFileReference; lastKnownFileType = sourcecode.c.h; path = AppDelegate.h; sourceTree = "<group>"; };
		8BAFDBC21B0CA0DD00DAE166 /* AppDelegate.m */ = {isa = PBXFileReference; lastKnownFileType = sourcecode.c.objc; path = AppDelegate.m; sourceTree = "<group>"; };
		8BAFDBC41B0CA0DD00DAE166 /* main.m */ = {isa = PBXFileReference; lastKnownFileType = sourcecode.c.objc; path = main.m; sourceTree = "<group>"; };
		8BAFDBC61B0CA0DD00DAE166 /* Images.xcassets */ = {isa = PBXFileReference; lastKnownFileType = folder.assetcatalog; path = Images.xcassets; sourceTree = "<group>"; };
		8BAFDBC91B0CA0DD00DAE166 /* Base */ = {isa = PBXFileReference; lastKnownFileType = file.xib; name = Base; path = Base.lproj/MainMenu.xib; sourceTree = "<group>"; };
		8BAFDBCF1B0CA0DD00DAE166 /* PROJECTTests.xctest */ = {isa = PBXFileReference; explicitFileType = wrapper.cfbundle; includeInIndex = 0; path = PROJECTTests.xctest; sourceTree = BUILT_PRODUCTS_DIR; };
		8BAFDBD41B0CA0DD00DAE166 /* Info.plist */ = {isa = PBXFileReference; lastKnownFileType = text.plist.xml; path = Info.plist; sourceTree = "<group>"; };
		8BAFDBD51B0CA0DD00DAE166 /* PROJECTTests.m */ = {isa = PBXFileReference; lastKnownFileType = sourcecode.c.objc; path = PROJECTTests.m; sourceTree = "<group>"; };
/* End PBXFileReference section */

/* Begin PBXFrameworksBuildPhase section */
		8BAFDBB91B0CA0DD00DAE166 /* Frameworks */ = {
			isa = PBXFrameworksBuildPhase;
			buildActionMask = 2147483647;
			files = (
			);
			runOnlyForDeploymentPostprocessing = 0;
		};
		8BAFDBCC1B0CA0DD00DAE166 /* Frameworks */ = {
			isa = PBXFrameworksBuildPhase;
			buildActionMask = 2147483647;
			files = (
			);
			runOnlyForDeploymentPostprocessing = 0;
		};
/* End PBXFrameworksBuildPhase section */

/* Begin PBXGroup section */
		8BAFDBB31B0CA0DD00DAE166 = {
			isa = PBXGroup;
			children = (
				8BAFDBBE1B0CA0DD00DAE166 /* PROJECT */,
				8BAFDBD21B0CA0DD00DAE166 /* PROJECTTests */,
				8BAFDBBD1B0CA0DD00DAE166 /* Products */,
			);
			sourceTree = "<group>";
		};
		8BAFDBBD1B0CA0DD00DAE166 /* Products */ = {
			isa = PBXGroup;
			children = (
				8BAFDBBC1B0CA0DD00DAE166 /* PROJECT.app */,
				8BAFDBCF1B0CA0DD00DAE166 /* PROJECTTests.xctest */,
			);
			name = Products;
			sourceTree = "<group>";
		};
		8BAFDBBE1B0CA0DD00DAE166 /* PROJECT */ = {
			isa = PBXGroup;
			children = (
				8BAFDBC11B0CA0DD00DAE166 /* AppDelegate.h */,
				8BAFDBC21B0CA0DD00DAE166 /* AppDelegate.m */,
				8BAFDBC61B0CA0DD00DAE166 /* Images.xcassets */,
				8BAFDBC81B0CA0DD00DAE166 /* MainMenu.xib */,
				8BAFDBBF1B0CA0DD00DAE166 /* Supporting Files */,
			);
			path = PROJECT;
			sourceTree = "<group>";
		};
		8BAFDBBF1B0CA0DD00DAE166 /* Supporting Files */ = {
			isa = PBXGroup;
			children = (
				8BAFDBC01B0CA0DD00DAE166 /* Info.plist */,
				8BAFDBC41B0CA0DD00DAE166 /* main.m */,
			);
			name = "Supporting Files";
			sourceTree = "<group>";
		};
		8BAFDBD21B0CA0DD00DAE166 /* PROJECTTests */ = {
			isa = PBXGroup;
			children = (
				8BAFDBD51B0CA0DD00DAE166 /* PROJECTTests.m */,
				8BAFDBD31B0CA0DD00DAE166 /* Supporting Files */,
			);
			path = PROJECTTests;
			sourceTree = "<group>";
		};
		8BAFDBD31B0CA0DD00DAE166 /* Supporting Files */ = {
			isa = PBXGroup;
			children = (
				8BAFDBD41B0CA0DD00DAE166 /* Info.plist */,
			);
			name = "Supporting Files";
			sourceTree = "<group>";
		};
/* End PBXGroup section */

/* Begin PBXNativeTarget section */
		8BAFDBBB1B0CA0DD00DAE166 /* PROJECT */ = {
			isa = PBXNativeTarget;
			buildConfigurationList = 8BAFDBD91B0CA0DD00DAE166 /* Build configuration list for PBXNativeTarget "PROJECT" */;
			buildPhases = (
				8BAFDBB81B0CA0DD00DAE166 /* Sources */,
				8BAFDBB91B0CA0DD00DAE166 /* Frameworks */,
				8BAFDBBA1B0CA0DD00DAE166 /* Resources */,
			);
			buildRules = (
			);
			dependencies = (
			);
			name = PROJECT;
			productName = PROJECT;
			productReference = 8BAFDBBC1B0CA0DD00DAE166 /* PROJECT.app */;
			productType = "com.apple.product-type.application";
		};
		8BAFDBCE1B0CA0DD00DAE166 /* PROJECTTests */ = {
			isa = PBXNativeTarget;
			buildConfigurationList = 8BAFDBDC1B0CA0DD00DAE166 /* Build configuration list for PBXNativeTarget "PROJECTTests" */;
			buildPhases = (
				8BAFDBCB1B0CA0DD00DAE166 /* Sources */,
				8BAFDBCC1B0CA0DD00DAE166 /* Frameworks */,
				8BAFDBCD1B0CA0DD00DAE166 /* Resources */,
			);
			buildRules = (
			);
			dependencies = (
				8BAFDBD11B0CA0DD00DAE166 /* PBXTargetDependency */,
			);
			name = PROJECTTests;
			productName = PROJECTTests;
			productReference = 8BAFDBCF1B0CA0DD00DAE166 /* PROJECTTests.xctest */;
			productType = "com.apple.product-type.bundle.unit-test";
		};
/* End PBXNativeTarget section */

/* Begin PBXProject section */
		8BAFDBB41B0CA0DD00DAE166 /* Project object */ = {
			isa = PBXProject;
			attributes = {
				LastUpgradeCheck = 0630;
				ORGANIZATIONNAME = "Cory Sullivan";
				TargetAttributes = {
					8BAFDBBB1B0CA0DD00DAE166 = {
						CreatedOnToolsVersion = 6.3.1;
					};
					8BAFDBCE1B0CA0DD00DAE166 = {
						CreatedOnToolsVersion = 6.3.1;
						TestTargetID = 8BAFDBBB1B0CA0DD00DAE166;
					};
				};
			};
			buildConfigurationList = 8BAFDBB71B0CA0DD00DAE166 /* Build configuration list for PBXProject "PROJECT" */;
			compatibilityVersion = "Xcode 3.2";
			developmentRegion = English;
			hasScannedForEncodings = 0;
			knownRegions = (
				en,
				Base,
			);
			mainGroup = 8BAFDBB31B0CA0DD00DAE166;
			productRefGroup = 8BAFDBBD1B0CA0DD00DAE166 /* Products */;
			projectDirPath = "";
			projectRoot = "";
			targets = (
				8BAFDBBB1B0CA0DD00DAE166 /* PROJECT */,
				8BAFDBCE1B0CA0DD00DAE166 /* PROJECTTests */,
			);
		};
/* End PBXProject section */

/* Begin PBXResourcesBuildPhase section */
		8BAFDBBA1B0CA0DD00DAE166 /* Resources */ = {
			isa = PBXResourcesBuildPhase;
			buildActionMask = 2147483647;
			files = (
				8BAFDBC71B0CA0DD00DAE166 /* Images.xcassets in Resources */,
				8BAFDBCA1B0CA0DD00DAE166 /* MainMenu.xib in Resources */,
			);
			runOnlyForDeploymentPostprocessing = 0;
		};
		8BAFDBCD1B0CA0DD00DAE166 /* Resources */ = {
			isa = PBXResourcesBuildPhase;
			buildActionMask = 2147483647;
			files = (
			);
			runOnlyForDeploymentPostprocessing = 0;
		};
/* End PBXResourcesBuildPhase section */

/* Begin PBXSourcesBuildPhase section */
		8BAFDBB81B0CA0DD00DAE166 /* Sources */ = {
			isa = PBXSourcesBuildPhase;
			buildActionMask = 2147483647;
			files = (
				8BAFDBC51B0CA0DD00DAE166 /* main.m in Sources */,
				8BAFDBC31B0CA0DD00DAE166 /* AppDelegate.m in Sources */,
			);
			runOnlyForDeploymentPostprocessing = 0;
		};
		8BAFDBCB1B0CA0DD00DAE166 /* Sources */ = {
			isa = PBXSourcesBuildPhase;
			buildActionMask = 2147483647;
			files = (
				8BAFDBD61B0CA0DD00DAE166 /* PROJECTTests.m in Sources */,
			);
			runOnlyForDeploymentPostprocessing = 0;
		};
/* End PBXSourcesBuildPhase section */

/* Begin PBXTargetDependency section */
		8BAFDBD11B0CA0DD00DAE166 /* PBXTargetDependency */ = {
			isa = PBXTargetDependency;
			target = 8BAFDBBB1B0CA0DD00DAE166 /* PROJECT */;
			targetProxy = 8BAFDBD01B0CA0DD00DAE166 /* PBXContainerItemProxy */;
		};
/* End PBXTargetDependency section */

/* Begin PBXVariantGroup section */
		8BAFDBC81B0CA0DD00DAE166 /* MainMenu.xib */ = {
			isa = PBXVariantGroup;
			children = (
				8BAFDBC91B0CA0DD00DAE166 /* Base */,
			);
			name = MainMenu.xib;
			sourceTree = "<group>";
		};
/* End PBXVariantGroup section */

/* Begin XCBuildConfiguration section */
		8BAFDBD71B0CA0DD00DAE166 /* Debug */ = {
			isa = XCBuildConfiguration;
			buildSettings = {
				ALWAYS_SEARCH_USER_PATHS = NO;
				CLANG_CXX_LANGUAGE_STANDARD = "gnu++0x";
				CLANG_CXX_LIBRARY = "libc++";
				CLANG_ENABLE_MODULES = YES;
				CLANG_ENABLE_OBJC_ARC = YES;
				CLANG_WARN_BOOL_CONVERSION = YES;
				CLANG_WARN_CONSTANT_CONVERSION = YES;
				CLANG_WARN_DIRECT_OBJC_ISA_USAGE = YES_ERROR;
				CLANG_WARN_EMPTY_BODY = YES;
				CLANG_WARN_ENUM_CONVERSION = YES;
				CLANG_WARN_INT_CONVERSION = YES;
				CLANG_WARN_OBJC_ROOT_CLASS = YES_ERROR;
				CLANG_WARN_UNREACHABLE_CODE = YES;
				CLANG_WARN__DUPLICATE_METHOD_MATCH = YES;
				CODE_SIGN_IDENTITY = "-";
				COPY_PHASE_STRIP = NO;
				DEBUG_INFORMATION_FORMAT = dwarf;
				ENABLE_STRICT_OBJC_MSGSEND = YES;
				GCC_C_LANGUAGE_STANDARD = gnu99;
				GCC_DYNAMIC_NO_PIC = NO;
				GCC_NO_COMMON_BLOCKS = YES;
				GCC_OPTIMIZATION_LEVEL = 0;
				GCC_PREPROCESSOR_DEFINITIONS = (
					"DEBUG=1",
					"$(inherited)",
				);
				GCC_SYMBOLS_PRIVATE_EXTERN = NO;
				GCC_WARN_64_TO_32_BIT_CONVERSION = YES;
				GCC_WARN_ABOUT_RETURN_TYPE = YES_ERROR;
				GCC_WARN_UNDECLARED_SELECTOR = YES;
				GCC_WARN_UNINITIALIZED_AUTOS = YES_AGGRESSIVE;
				GCC_WARN_UNUSED_FUNCTION = YES;
				GCC_WARN_UNUSED_VARIABLE = YES;
				MACOSX_DEPLOYMENT_TARGET = 10.10;
				MTL_ENABLE_DEBUG_INFO = YES;
				ONLY_ACTIVE_ARCH = YES;
				SDKROOT = macosx;
			};
			name = Debug;
		};
		8BAFDBD81B0CA0DD00DAE166 /* Release */ = {
			isa = XCBuildConfiguration;
			buildSettings = {
				ALWAYS_SEARCH_USER_PATHS = NO;
				CLANG_CXX_LANGUAGE_STANDARD = "gnu++0x";
				CLANG_CXX_LIBRARY = "libc++";
				CLANG_ENABLE_MODULES = YES;
				CLANG_ENABLE_OBJC_ARC = YES;
				CLANG_WARN_BOOL_CONVERSION = YES;
				CLANG_WARN_CONSTANT_CONVERSION = YES;
				CLANG_WARN_DIRECT_OBJC_ISA_USAGE = YES_ERROR;
				CLANG_WARN_EMPTY_BODY = YES;
				CLANG_WARN_ENUM_CONVERSION = YES;
				CLANG_WARN_INT_CONVERSION = YES;
				CLANG_WARN_OBJC_ROOT_CLASS = YES_ERROR;
				CLANG_WARN_UNREACHABLE_CODE = YES;
				CLANG_WARN__DUPLICATE_METHOD_MATCH = YES;
				CODE_SIGN_IDENTITY = "-";
				COPY_PHASE_STRIP = NO;
				DEBUG_INFORMATION_FORMAT = "dwarf-with-dsym";
				ENABLE_NS_ASSERTIONS = NO;
				ENABLE_STRICT_OBJC_MSGSEND = YES;
				GCC_C_LANGUAGE_STANDARD = gnu99;
				GCC_NO_COMMON_BLOCKS = YES;
				GCC_WARN_64_TO_32_BIT_CONVERSION = YES;
				GCC_WARN_ABOUT_RETURN_TYPE = YES_ERROR;
				GCC_WARN_UNDECLARED_SELECTOR = YES;
				GCC_WARN_UNINITIALIZED_AUTOS = YES_AGGRESSIVE;
				GCC_WARN_UNUSED_FUNCTION = YES;
				GCC_WARN_UNUSED_VARIABLE = YES;
				MACOSX_DEPLOYMENT_TARGET = 10.10;
				MTL_ENABLE_DEBUG_INFO = NO;
				SDKROOT = macosx;
			};
			name = Release;
		};
		8BAFDBDA1B0CA0DD00DAE166 /* Debug */ = {
			isa = XCBuildConfiguration;
			buildSettings = {
				ASSETCATALOG_COMPILER_APPICON_NAME = AppIcon;
				COMBINE_HIDPI_IMAGES = YES;
				INFOPLIST_FILE = PROJECT/Info.plist;
				LD_RUNPATH_SEARCH_PATHS = "$(inherited) @executable_path/../Frameworks";
				PRODUCT_NAME = "$(TARGET_NAME)";
			};
			name = Debug;
		};
		8BAFDBDB1B0CA0DD00DAE166 /* Release */ = {
			isa = XCBuildConfiguration;
			buildSettings = {
				ASSETCATALOG_COMPILER_APPICON_NAME = AppIcon;
				COMBINE_HIDPI_IMAGES = YES;
				INFOPLIST_FILE = PROJECT/Info.plist;
				LD_RUNPATH_SEARCH_PATHS = "$(inherited) @executable_path/../Frameworks";
				PRODUCT_NAME = "$(TARGET_NAME)";
			};
			name = Release;
		};
		8BAFDBDD1B0CA0DD00DAE166 /* Debug */ = {
			isa = XCBuildConfiguration;
			buildSettings = {
				BUNDLE_LOADER = "$(TEST_HOST)";
				COMBINE_HIDPI_IMAGES = YES;
				FRAMEWORK_SEARCH_PATHS = (
					"$(DEVELOPER_FRAMEWORKS_DIR)",
					"$(inherited)",
				);
				GCC_PREPROCESSOR_DEFINITIONS = (
					"DEBUG=1",
					"$(inherited)",
				);
				INFOPLIST_FILE = PROJECTTests/Info.plist;
				LD_RUNPATH_SEARCH_PATHS = "$(inherited) @executable_path/../Frameworks @loader_path/../Frameworks";
				PRODUCT_NAME = "$(TARGET_NAME)";
				TEST_HOST = "$(BUILT_PRODUCTS_DIR)/PROJECT.app/Contents/MacOS/PROJECT";
			};
			name = Debug;
		};
		8BAFDBDE1B0CA0DD00DAE166 /* Release */ = {
			isa = XCBuildConfiguration;
			buildSettings = {
				BUNDLE_LOADER = "$(TEST_HOST)";
				COMBINE_HIDPI_IMAGES = YES;
				FRAMEWORK_SEARCH_PATHS = (
					"$(DEVELOPER_FRAMEWORKS_DIR)",
					"$(inherited)",
				);
				INFOPLIST_FILE = PROJECTTests/Info.plist;
				LD_RUNPATH_SEARCH_PATHS = "$(inherited) @executable_path/../Frameworks @loader_path/../Frameworks";
				PRODUCT_NAME = "$(TARGET_NAME)";
				TEST_HOST = "$(BUILT_PRODUCTS_DIR)/PROJECT.app/Contents/MacOS/PROJECT";
			};
			name = Release;
		};
/* End XCBuildConfiguration section */

/* Begin XCConfigurationList section */
		8BAFDBB71B0CA0DD00DAE166 /* Build configuration list for PBXProject "PROJECT" */ = {
			isa = XCConfigurationList;
			buildConfigurations = (
				8BAFDBD71B0CA0DD00DAE166 /* Debug */,
				8BAFDBD81B0CA0DD00DAE166 /* Release */,
			);
			defaultConfigurationIsVisible = 0;
			defaultConfigurationName = Release;
		};
		8BAFDBD91B0CA0DD00DAE166 /* Build configuration list for PBXNativeTarget "PROJECT" */ = {
			isa = XCConfigurationList;
			buildConfigurations = (
				8BAFDBDA1B0CA0DD00DAE166 /* Debug */,
				8BAFDBDB1B0CA0DD00DAE166 /* Release */,
			);
			defaultConfigurationIsVisible = 0;
		};
		8BAFDBDC1B0CA0DD00DAE166 /* Build configuration list for PBXNativeTarget "PROJECTTests" */ = {
			isa = XCConfigurationList;
			buildConfigurations = (
				8BAFDBDD1B0CA0DD00DAE166 /* Debug */,
				8BAFDBDE1B0CA0DD00DAE166 /* Release */,
			);
			defaultConfigurationIsVisible = 0;
		};
/* End XCConfigurationList section */
	};
	rootObject = 8BAFDBB41B0CA0DD00DAE166 /* Project object */;
}
